
Microsoft Visual Studio Solution File, Format Version 12.00
# Visual Studio Version 17
VisualStudioVersion = 17.8.34408.163
MinimumVisualStudioVersion = 10.0.40219.1
Project("{9A19103F-16F7-4668-BE54-9A1E7A4F7556}") = "FribergRentals", "FribergRentals.csproj", "{2CAAC23A-2D50-4510-BC2E-04CF7F08D88D}"
EndProject
Project("{2150E333-8FDC-42A3-9474-1A3956D46DE8}") = "Solution Items", "Solution Items", "{8DA60A98-85CC-40F8-8E0C-352716D4629B}"
	ProjectSection(SolutionItems) = preProject
		ö-UppgiftsChecklist.txt = ö-UppgiftsChecklist.txt
	EndProjectSection
EndProject
Global
	GlobalSection(SolutionConfigurationPlatforms) = preSolution
		Debug|Any CPU = Debug|Any CPU
		Release|Any CPU = Release|Any CPU
	EndGlobalSection
	GlobalSection(ProjectConfigurationPlatforms) = postSolution
		{2CAAC23A-2D50-4510-BC2E-04CF7F08D88D}.Debug|Any CPU.ActiveCfg = Debug|Any CPU
		{2CAAC23A-2D50-4510-BC2E-04CF7F08D88D}.Debug|Any CPU.Build.0 = Debug|Any CPU
		{2CAAC23A-2D50-4510-BC2E-04CF7F08D88D}.Release|Any CPU.ActiveCfg = Release|Any CPU
		{2CAAC23A-2D50-4510-BC2E-04CF7F08D88D}.Release|Any CPU.Build.0 = Release|Any CPU
	EndGlobalSection
	GlobalSection(SolutionProperties) = preSolution
		HideSolutionNode = FALSE
	EndGlobalSection
	GlobalSection(ExtensibilityGlobals) = postSolution
		SolutionGuid = {529BFB4B-B831-43EF-958C-D14AA38E2568}
	EndGlobalSection
EndGlobal
